// !$*UTF8*$!
{
	archiveVersion = 1;
	classes = {
	};
	objectVersion = 50;
	objects = {

/* Begin PBXBuildFile section */
		3A4E469421F91F54001E87C3 /* AppDelegate.swift in Sources */ = {isa = PBXBuildFile; fileRef = 3A4E469321F91F54001E87C3 /* AppDelegate.swift */; };
		3A4E469621F91F54001E87C3 /* ViewController.swift in Sources */ = {isa = PBXBuildFile; fileRef = 3A4E469521F91F54001E87C3 /* ViewController.swift */; };
		3A4E469921F91F54001E87C3 /* Main.storyboard in Resources */ = {isa = PBXBuildFile; fileRef = 3A4E469721F91F54001E87C3 /* Main.storyboard */; };
		3A4E469B21F91F58001E87C3 /* Assets.xcassets in Resources */ = {isa = PBXBuildFile; fileRef = 3A4E469A21F91F58001E87C3 /* Assets.xcassets */; };
		3A4E469E21F91F58001E87C3 /* LaunchScreen.storyboard in Resources */ = {isa = PBXBuildFile; fileRef = 3A4E469C21F91F58001E87C3 /* LaunchScreen.storyboard */; };
		3A4E46A921F91F58001E87C3 /* AssignmentOneTests.swift in Sources */ = {isa = PBXBuildFile; fileRef = 3A4E46A821F91F58001E87C3 /* AssignmentOneTests.swift */; };
		3A4E46B421F91F58001E87C3 /* AssignmentOneUITests.swift in Sources */ = {isa = PBXBuildFile; fileRef = 3A4E46B321F91F58001E87C3 /* AssignmentOneUITests.swift */; };
/* End PBXBuildFile section */

/* Begin PBXContainerItemProxy section */
		3A4E46A521F91F58001E87C3 /* PBXContainerItemProxy */ = {
			isa = PBXContainerItemProxy;
			containerPortal = 3A4E468821F91F54001E87C3 /* Project object */;
			proxyType = 1;
			remoteGlobalIDString = 3A4E468F21F91F54001E87C3;
			remoteInfo = AssignmentOne;
		};
		3A4E46B021F91F58001E87C3 /* PBXContainerItemProxy */ = {
			isa = PBXContainerItemProxy;
			containerPortal = 3A4E468821F91F54001E87C3 /* Project object */;
			proxyType = 1;
			remoteGlobalIDString = 3A4E468F21F91F54001E87C3;
			remoteInfo = AssignmentOne;
		};
/* End PBXContainerItemProxy section */

/* Begin PBXFileReference section */
		3A4E469021F91F54001E87C3 /* AssignmentOne.app */ = {isa = PBXFileReference; explicitFileType = wrapper.application; includeInIndex = 0; path = AssignmentOne.app; sourceTree = BUILT_PRODUCTS_DIR; };
		3A4E469321F91F54001E87C3 /* AppDelegate.swift */ = {isa = PBXFileReference; lastKnownFileType = sourcecode.swift; path = AppDelegate.swift; sourceTree = "<group>"; };
		3A4E469521F91F54001E87C3 /* ViewController.swift */ = {isa = PBXFileReference; lastKnownFileType = sourcecode.swift; path = ViewController.swift; sourceTree = "<group>"; };
		3A4E469821F91F54001E87C3 /* Base */ = {isa = PBXFileReference; lastKnownFileType = file.storyboard; name = Base; path = Base.lproj/Main.storyboard; sourceTree = "<group>"; };
		3A4E469A21F91F58001E87C3 /* Assets.xcassets */ = {isa = PBXFileReference; lastKnownFileType = folder.assetcatalog; path = Assets.xcassets; sourceTree = "<group>"; };
		3A4E469D21F91F58001E87C3 /* Base */ = {isa = PBXFileReference; lastKnownFileType = file.storyboard; name = Base; path = Base.lproj/LaunchScreen.storyboard; sourceTree = "<group>"; };
		3A4E469F21F91F58001E87C3 /* Info.plist */ = {isa = PBXFileReference; lastKnownFileType = text.plist.xml; path = Info.plist; sourceTree = "<group>"; };
		3A4E46A421F91F58001E87C3 /* AssignmentOneTests.xctest */ = {isa = PBXFileReference; explicitFileType = wrapper.cfbundle; includeInIndex = 0; path = AssignmentOneTests.xctest; sourceTree = BUILT_PRODUCTS_DIR; };
		3A4E46A821F91F58001E87C3 /* AssignmentOneTests.swift */ = {isa = PBXFileReference; lastKnownFileType = sourcecode.swift; path = AssignmentOneTests.swift; sourceTree = "<group>"; };
		3A4E46AA21F91F58001E87C3 /* Info.plist */ = {isa = PBXFileReference; lastKnownFileType = text.plist.xml; path = Info.plist; sourceTree = "<group>"; };
		3A4E46AF21F91F58001E87C3 /* AssignmentOneUITests.xctest */ = {isa = PBXFileReference; explicitFileType = wrapper.cfbundle; includeInIndex = 0; path = AssignmentOneUITests.xctest; sourceTree = BUILT_PRODUCTS_DIR; };
		3A4E46B321F91F58001E87C3 /* AssignmentOneUITests.swift */ = {isa = PBXFileReference; lastKnownFileType = sourcecode.swift; path = AssignmentOneUITests.swift; sourceTree = "<group>"; };
		3A4E46B521F91F58001E87C3 /* Info.plist */ = {isa = PBXFileReference; lastKnownFileType = text.plist.xml; path = Info.plist; sourceTree = "<group>"; };
/* End PBXFileReference section */

/* Begin PBXFrameworksBuildPhase section */
		3A4E468D21F91F54001E87C3 /* Frameworks */ = {
			isa = PBXFrameworksBuildPhase;
			buildActionMask = 2147483647;
			files = (
			);
			runOnlyForDeploymentPostprocessing = 0;
		};
		3A4E46A121F91F58001E87C3 /* Frameworks */ = {
			isa = PBXFrameworksBuildPhase;
			buildActionMask = 2147483647;
			files = (
			);
			runOnlyForDeploymentPostprocessing = 0;
		};
		3A4E46AC21F91F58001E87C3 /* Frameworks */ = {
			isa = PBXFrameworksBuildPhase;
			buildActionMask = 2147483647;
			files = (
			);
			runOnlyForDeploymentPostprocessing = 0;
		};
/* End PBXFrameworksBuildPhase section */

/* Begin PBXGroup section */
		3A4E468721F91F54001E87C3 = {
			isa = PBXGroup;
			children = (
				3A4E469221F91F54001E87C3 /* AssignmentOne */,
				3A4E46A721F91F58001E87C3 /* AssignmentOneTests */,
				3A4E46B221F91F58001E87C3 /* AssignmentOneUITests */,
				3A4E469121F91F54001E87C3 /* Products */,
			);
			sourceTree = "<group>";
		};
		3A4E469121F91F54001E87C3 /* Products */ = {
			isa = PBXGroup;
			children = (
				3A4E469021F91F54001E87C3 /* AssignmentOne.app */,
				3A4E46A421F91F58001E87C3 /* AssignmentOneTests.xctest */,
				3A4E46AF21F91F58001E87C3 /* AssignmentOneUITests.xctest */,
			);
			name = Products;
			sourceTree = "<group>";
		};
		3A4E469221F91F54001E87C3 /* AssignmentOne */ = {
			isa = PBXGroup;
			children = (
				3A4E469321F91F54001E87C3 /* AppDelegate.swift */,
				3A4E469521F91F54001E87C3 /* ViewController.swift */,
				3A4E469721F91F54001E87C3 /* Main.storyboard */,
				3A4E469A21F91F58001E87C3 /* Assets.xcassets */,
				3A4E469C21F91F58001E87C3 /* LaunchScreen.storyboard */,
				3A4E469F21F91F58001E87C3 /* Info.plist */,
			);
			path = AssignmentOne;
			sourceTree = "<group>";
		};
		3A4E46A721F91F58001E87C3 /* AssignmentOneTests */ = {
			isa = PBXGroup;
			children = (
				3A4E46A821F91F58001E87C3 /* AssignmentOneTests.swift */,
				3A4E46AA21F91F58001E87C3 /* Info.plist */,
			);
			path = AssignmentOneTests;
			sourceTree = "<group>";
		};
		3A4E46B221F91F58001E87C3 /* AssignmentOneUITests */ = {
			isa = PBXGroup;
			children = (
				3A4E46B321F91F58001E87C3 /* AssignmentOneUITests.swift */,
				3A4E46B521F91F58001E87C3 /* Info.plist */,
			);
			path = AssignmentOneUITests;
			sourceTree = "<group>";
		};
/* End PBXGroup section */

/* Begin PBXNativeTarget section */
		3A4E468F21F91F54001E87C3 /* AssignmentOne */ = {
			isa = PBXNativeTarget;
			buildConfigurationList = 3A4E46B821F91F58001E87C3 /* Build configuration list for PBXNativeTarget "AssignmentOne" */;
			buildPhases = (
				3A4E468C21F91F54001E87C3 /* Sources */,
				3A4E468D21F91F54001E87C3 /* Frameworks */,
				3A4E468E21F91F54001E87C3 /* Resources */,
			);
			buildRules = (
			);
			dependencies = (
			);
			name = AssignmentOne;
			productName = AssignmentOne;
			productReference = 3A4E469021F91F54001E87C3 /* AssignmentOne.app */;
			productType = "com.apple.product-type.application";
		};
		3A4E46A321F91F58001E87C3 /* AssignmentOneTests */ = {
			isa = PBXNativeTarget;
			buildConfigurationList = 3A4E46BB21F91F58001E87C3 /* Build configuration list for PBXNativeTarget "AssignmentOneTests" */;
			buildPhases = (
				3A4E46A021F91F58001E87C3 /* Sources */,
				3A4E46A121F91F58001E87C3 /* Frameworks */,
				3A4E46A221F91F58001E87C3 /* Resources */,
			);
			buildRules = (
			);
			dependencies = (
				3A4E46A621F91F58001E87C3 /* PBXTargetDependency */,
			);
			name = AssignmentOneTests;
			productName = AssignmentOneTests;
			productReference = 3A4E46A421F91F58001E87C3 /* AssignmentOneTests.xctest */;
			productType = "com.apple.product-type.bundle.unit-test";
		};
		3A4E46AE21F91F58001E87C3 /* AssignmentOneUITests */ = {
			isa = PBXNativeTarget;
			buildConfigurationList = 3A4E46BE21F91F58001E87C3 /* Build configuration list for PBXNativeTarget "AssignmentOneUITests" */;
			buildPhases = (
				3A4E46AB21F91F58001E87C3 /* Sources */,
				3A4E46AC21F91F58001E87C3 /* Frameworks */,
				3A4E46AD21F91F58001E87C3 /* Resources */,
			);
			buildRules = (
			);
			dependencies = (
				3A4E46B121F91F58001E87C3 /* PBXTargetDependency */,
			);
			name = AssignmentOneUITests;
			productName = AssignmentOneUITests;
			productReference = 3A4E46AF21F91F58001E87C3 /* AssignmentOneUITests.xctest */;
			productType = "com.apple.product-type.bundle.ui-testing";
		};
/* End PBXNativeTarget section */

/* Begin PBXProject section */
		3A4E468821F91F54001E87C3 /* Project object */ = {
			isa = PBXProject;
			attributes = {
				LastSwiftUpdateCheck = 1010;
				LastUpgradeCheck = 1010;
				ORGANIZATIONNAME = "Dyana George";
				TargetAttributes = {
					3A4E468F21F91F54001E87C3 = {
						CreatedOnToolsVersion = 10.1;
					};
					3A4E46A321F91F58001E87C3 = {
						CreatedOnToolsVersion = 10.1;
						TestTargetID = 3A4E468F21F91F54001E87C3;
					};
					3A4E46AE21F91F58001E87C3 = {
						CreatedOnToolsVersion = 10.1;
						TestTargetID = 3A4E468F21F91F54001E87C3;
					};
				};
			};
			buildConfigurationList = 3A4E468B21F91F54001E87C3 /* Build configuration list for PBXProject "AssignmentOne" */;
			compatibilityVersion = "Xcode 9.3";
			developmentRegion = en;
			hasScannedForEncodings = 0;
			knownRegions = (
				en,
				Base,
			);
			mainGroup = 3A4E468721F91F54001E87C3;
			productRefGroup = 3A4E469121F91F54001E87C3 /* Products */;
			projectDirPath = "";
			projectRoot = "";
			targets = (
				3A4E468F21F91F54001E87C3 /* AssignmentOne */,
				3A4E46A321F91F58001E87C3 /* AssignmentOneTests */,
				3A4E46AE21F91F58001E87C3 /* AssignmentOneUITests */,
			);
		};
/* End PBXProject section */

/* Begin PBXResourcesBuildPhase section */
		3A4E468E21F91F54001E87C3 /* Resources */ = {
			isa = PBXResourcesBuildPhase;
			buildActionMask = 2147483647;
			files = (
				3A4E469E21F91F58001E87C3 /* LaunchScreen.storyboard in Resources */,
				3A4E469B21F91F58001E87C3 /* Assets.xcassets in Resources */,
				3A4E469921F91F54001E87C3 /* Main.storyboard in Resources */,
			);
			runOnlyForDeploymentPostprocessing = 0;
		};
		3A4E46A221F91F58001E87C3 /* Resources */ = {
			isa = PBXResourcesBuildPhase;
			buildActionMask = 2147483647;
			files = (
			);
			runOnlyForDeploymentPostprocessing = 0;
		};
		3A4E46AD21F91F58001E87C3 /* Resources */ = {
			isa = PBXResourcesBuildPhase;
			buildActionMask = 2147483647;
			files = (
			);
			runOnlyForDeploymentPostprocessing = 0;
		};
/* End PBXResourcesBuildPhase section */

/* Begin PBXSourcesBuildPhase section */
		3A4E468C21F91F54001E87C3 /* Sources */ = {
			isa = PBXSourcesBuildPhase;
			buildActionMask = 2147483647;
			files = (
				3A4E469621F91F54001E87C3 /* ViewController.swift in Sources */,
				3A4E469421F91F54001E87C3 /* AppDelegate.swift in Sources */,
			);
			runOnlyForDeploymentPostprocessing = 0;
		};
		3A4E46A021F91F58001E87C3 /* Sources */ = {
			isa = PBXSourcesBuildPhase;
			buildActionMask = 2147483647;
			files = (
				3A4E46A921F91F58001E87C3 /* AssignmentOneTests.swift in Sources */,
			);
			runOnlyForDeploymentPostprocessing = 0;
		};
		3A4E46AB21F91F58001E87C3 /* Sources */ = {
			isa = PBXSourcesBuildPhase;
			buildActionMask = 2147483647;
			files = (
				3A4E46B421F91F58001E87C3 /* AssignmentOneUITests.swift in Sources */,
			);
			runOnlyForDeploymentPostprocessing = 0;
		};
/* End PBXSourcesBuildPhase section */

/* Begin PBXTargetDependency section */
		3A4E46A621F91F58001E87C3 /* PBXTargetDependency */ = {
			isa = PBXTargetDependency;
			target = 3A4E468F21F91F54001E87C3 /* AssignmentOne */;
			targetProxy = 3A4E46A521F91F58001E87C3 /* PBXContainerItemProxy */;
		};
		3A4E46B121F91F58001E87C3 /* PBXTargetDependency */ = {
			isa = PBXTargetDependency;
			target = 3A4E468F21F91F54001E87C3 /* AssignmentOne */;
			targetProxy = 3A4E46B021F91F58001E87C3 /* PBXContainerItemProxy */;
		};
/* End PBXTargetDependency section */

/* Begin PBXVariantGroup section */
		3A4E469721F91F54001E87C3 /* Main.storyboard */ = {
			isa = PBXVariantGroup;
			children = (
				3A4E469821F91F54001E87C3 /* Base */,
			);
			name = Main.storyboard;
			sourceTree = "<group>";
		};
		3A4E469C21F91F58001E87C3 /* LaunchScreen.storyboard */ = {
			isa = PBXVariantGroup;
			children = (
				3A4E469D21F91F58001E87C3 /* Base */,
			);
			name = LaunchScreen.storyboard;
			sourceTree = "<group>";
		};
/* End PBXVariantGroup section */

/* Begin XCBuildConfiguration section */
		3A4E46B621F91F58001E87C3 /* Debug */ = {
			isa = XCBuildConfiguration;
			buildSettings = {
				ALWAYS_SEARCH_USER_PATHS = NO;
				CLANG_ANALYZER_NONNULL = YES;
				CLANG_ANALYZER_NUMBER_OBJECT_CONVERSION = YES_AGGRESSIVE;
				CLANG_CXX_LANGUAGE_STANDARD = "gnu++14";
				CLANG_CXX_LIBRARY = "libc++";
				CLANG_ENABLE_MODULES = YES;
				CLANG_ENABLE_OBJC_ARC = YES;
				CLANG_ENABLE_OBJC_WEAK = YES;
				CLANG_WARN_BLOCK_CAPTURE_AUTORELEASING = YES;
				CLANG_WARN_BOOL_CONVERSION = YES;
				CLANG_WARN_COMMA = YES;
				CLANG_WARN_CONSTANT_CONVERSION = YES;
				CLANG_WARN_DEPRECATED_OBJC_IMPLEMENTATIONS = YES;
				CLANG_WARN_DIRECT_OBJC_ISA_USAGE = YES_ERROR;
				CLANG_WARN_DOCUMENTATION_COMMENTS = YES;
				CLANG_WARN_EMPTY_BODY = YES;
				CLANG_WARN_ENUM_CONVERSION = YES;
				CLANG_WARN_INFINITE_RECURSION = YES;
				CLANG_WARN_INT_CONVERSION = YES;
				CLANG_WARN_NON_LITERAL_NULL_CONVERSION = YES;
				CLANG_WARN_OBJC_IMPLICIT_RETAIN_SELF = YES;
				CLANG_WARN_OBJC_LITERAL_CONVERSION = YES;
				CLANG_WARN_OBJC_ROOT_CLASS = YES_ERROR;
				CLANG_WARN_RANGE_LOOP_ANALYSIS = YES;
				CLANG_WARN_STRICT_PROTOTYPES = YES;
				CLANG_WARN_SUSPICIOUS_MOVE = YES;
				CLANG_WARN_UNGUARDED_AVAILABILITY = YES_AGGRESSIVE;
				CLANG_WARN_UNREACHABLE_CODE = YES;
				CLANG_WARN__DUPLICATE_METHOD_MATCH = YES;
				CODE_SIGN_IDENTITY = "iPhone Developer";
				COPY_PHASE_STRIP = NO;
				DEBUG_INFORMATION_FORMAT = dwarf;
				ENABLE_STRICT_OBJC_MSGSEND = YES;
				ENABLE_TESTABILITY = YES;
				GCC_C_LANGUAGE_STANDARD = gnu11;
				GCC_DYNAMIC_NO_PIC = NO;
				GCC_NO_COMMON_BLOCKS = YES;
				GCC_OPTIMIZATION_LEVEL = 0;
				GCC_PREPROCESSOR_DEFINITIONS = (
					"DEBUG=1",
					"$(inherited)",
				);
				GCC_WARN_64_TO_32_BIT_CONVERSION = YES;
				GCC_WARN_ABOUT_RETURN_TYPE = YES_ERROR;
				GCC_WARN_UNDECLARED_SELECTOR = YES;
				GCC_WARN_UNINITIALIZED_AUTOS = YES_AGGRESSIVE;
				GCC_WARN_UNUSED_FUNCTION = YES;
				GCC_WARN_UNUSED_VARIABLE = YES;
				IPHONEOS_DEPLOYMENT_TARGET = 12.1;
				MTL_ENABLE_DEBUG_INFO = INCLUDE_SOURCE;
				MTL_FAST_MATH = YES;
				ONLY_ACTIVE_ARCH = YES;
				SDKROOT = iphoneos;
				SWIFT_ACTIVE_COMPILATION_CONDITIONS = DEBUG;
				SWIFT_OPTIMIZATION_LEVEL = "-Onone";
			};
			name = Debug;
		};
		3A4E46B721F91F58001E87C3 /* Release */ = {
			isa = XCBuildConfiguration;
			buildSettings = {
				ALWAYS_SEARCH_USER_PATHS = NO;
				CLANG_ANALYZER_NONNULL = YES;
				CLANG_ANALYZER_NUMBER_OBJECT_CONVERSION = YES_AGGRESSIVE;
				CLANG_CXX_LANGUAGE_STANDARD = "gnu++14";
				CLANG_CXX_LIBRARY = "libc++";
				CLANG_ENABLE_MODULES = YES;
				CLANG_ENABLE_OBJC_ARC = YES;
				CLANG_ENABLE_OBJC_WEAK = YES;
				CLANG_WARN_BLOCK_CAPTURE_AUTORELEASING = YES;
				CLANG_WARN_BOOL_CONVERSION = YES;
				CLANG_WARN_COMMA = YES;
				CLANG_WARN_CONSTANT_CONVERSION = YES;
				CLANG_WARN_DEPRECATED_OBJC_IMPLEMENTATIONS = YES;
				CLANG_WARN_DIRECT_OBJC_ISA_USAGE = YES_ERROR;
				CLANG_WARN_DOCUMENTATION_COMMENTS = YES;
				CLANG_WARN_EMPTY_BODY = YES;
				CLANG_WARN_ENUM_CONVERSION = YES;
				CLANG_WARN_INFINITE_RECURSION = YES;
				CLANG_WARN_INT_CONVERSION = YES;
				CLANG_WARN_NON_LITERAL_NULL_CONVERSION = YES;
				CLANG_WARN_OBJC_IMPLICIT_RETAIN_SELF = YES;
				CLANG_WARN_OBJC_LITERAL_CONVERSION = YES;
				CLANG_WARN_OBJC_ROOT_CLASS = YES_ERROR;
				CLANG_WARN_RANGE_LOOP_ANALYSIS = YES;
				CLANG_WARN_STRICT_PROTOTYPES = YES;
				CLANG_WARN_SUSPICIOUS_MOVE = YES;
				CLANG_WARN_UNGUARDED_AVAILABILITY = YES_AGGRESSIVE;
				CLANG_WARN_UNREACHABLE_CODE = YES;
				CLANG_WARN__DUPLICATE_METHOD_MATCH = YES;
				CODE_SIGN_IDENTITY = "iPhone Developer";
				COPY_PHASE_STRIP = NO;
				DEBUG_INFORMATION_FORMAT = "dwarf-with-dsym";
				ENABLE_NS_ASSERTIONS = NO;
				ENABLE_STRICT_OBJC_MSGSEND = YES;
				GCC_C_LANGUAGE_STANDARD = gnu11;
				GCC_NO_COMMON_BLOCKS = YES;
				GCC_WARN_64_TO_32_BIT_CONVERSION = YES;
				GCC_WARN_ABOUT_RETURN_TYPE = YES_ERROR;
				GCC_WARN_UNDECLARED_SELECTOR = YES;
				GCC_WARN_UNINITIALIZED_AUTOS = YES_AGGRESSIVE;
				GCC_WARN_UNUSED_FUNCTION = YES;
				GCC_WARN_UNUSED_VARIABLE = YES;
				IPHONEOS_DEPLOYMENT_TARGET = 12.1;
				MTL_ENABLE_DEBUG_INFO = NO;
				MTL_FAST_MATH = YES;
				SDKROOT = iphoneos;
				SWIFT_COMPILATION_MODE = wholemodule;
				SWIFT_OPTIMIZATION_LEVEL = "-O";
				VALIDATE_PRODUCT = YES;
			};
			name = Release;
		};
		3A4E46B921F91F58001E87C3 /* Debug */ = {
			isa = XCBuildConfiguration;
			buildSettings = {
				ASSETCATALOG_COMPILER_APPICON_NAME = AppIcon;
				CODE_SIGN_STYLE = Automatic;
				DEVELOPMENT_TEAM = 2BULHRS882;
				INFOPLIST_FILE = AssignmentOne/Info.plist;
				LD_RUNPATH_SEARCH_PATHS = (
					"$(inherited)",
					"@executable_path/Frameworks",
				);
				PRODUCT_BUNDLE_IDENTIFIER = "Centennial-College.AssignmentOne";
				PRODUCT_NAME = "$(TARGET_NAME)";
				SWIFT_VERSION = 4.2;
				TARGETED_DEVICE_FAMILY = "1,2";
			};
			name = Debug;
		};
		3A4E46BA21F91F58001E87C3 /* Release */ = {
			isa = XCBuildConfiguration;
			buildSettings = {
				ASSETCATALOG_COMPILER_APPICON_NAME = AppIcon;
				CODE_SIGN_STYLE = Automatic;
				DEVELOPMENT_TEAM = 2BULHRS882;
				INFOPLIST_FILE = AssignmentOne/Info.plist;
				LD_RUNPATH_SEARCH_PATHS = (
					"$(inherited)",
					"@executable_path/Frameworks",
				);
				PRODUCT_BUNDLE_IDENTIFIER = "Centennial-College.AssignmentOne";
				PRODUCT_NAME = "$(TARGET_NAME)";
				SWIFT_VERSION = 4.2;
				TARGETED_DEVICE_FAMILY = "1,2";
			};
			name = Release;
		};
		3A4E46BC21F91F58001E87C3 /* Debug */ = {
			isa = XCBuildConfiguration;
			buildSettings = {
				ALWAYS_EMBED_SWIFT_STANDARD_LIBRARIES = YES;
				BUNDLE_LOADER = "$(TEST_HOST)";
				CODE_SIGN_STYLE = Automatic;
				DEVELOPMENT_TEAM = 2BULHRS882;
				INFOPLIST_FILE = AssignmentOneTests/Info.plist;
				LD_RUNPATH_SEARCH_PATHS = (
					"$(inherited)",
					"@executable_path/Frameworks",
					"@loader_path/Frameworks",
				);
				PRODUCT_BUNDLE_IDENTIFIER = "Centennial-College.AssignmentOneTests";
				PRODUCT_NAME = "$(TARGET_NAME)";
				SWIFT_VERSION = 4.2;
				TARGETED_DEVICE_FAMILY = "1,2";
				TEST_HOST = "$(BUILT_PRODUCTS_DIR)/AssignmentOne.app/AssignmentOne";
			};
			name = Debug;
		};
		3A4E46BD21F91F58001E87C3 /* Release */ = {
			isa = XCBuildConfiguration;
			buildSettings = {
				ALWAYS_EMBED_SWIFT_STANDARD_LIBRARIES = YES;
				BUNDLE_LOADER = "$(TEST_HOST)";
				CODE_SIGN_STYLE = Automatic;
				DEVELOPMENT_TEAM = 2BULHRS882;
				INFOPLIST_FILE = AssignmentOneTests/Info.plist;
				LD_RUNPATH_SEARCH_PATHS = (
					"$(inherited)",
					"@executable_path/Frameworks",
					"@loader_path/Frameworks",
				);
				PRODUCT_BUNDLE_IDENTIFIER = "Centennial-College.AssignmentOneTests";
				PRODUCT_NAME = "$(TARGET_NAME)";
				SWIFT_VERSION = 4.2;
				TARGETED_DEVICE_FAMILY = "1,2";
				TEST_HOST = "$(BUILT_PRODUCTS_DIR)/AssignmentOne.app/AssignmentOne";
			};
			name = Release;
		};
		3A4E46BF21F91F58001E87C3 /* Debug */ = {
			isa = XCBuildConfiguration;
			buildSettings = {
				ALWAYS_EMBED_SWIFT_STANDARD_LIBRARIES = YES;
				CODE_SIGN_STYLE = Automatic;
				DEVELOPMENT_TEAM = 2BULHRS882;
				INFOPLIST_FILE = AssignmentOneUITests/Info.plist;
				LD_RUNPATH_SEARCH_PATHS = (
					"$(inherited)",
					"@executable_path/Frameworks",
					"@loader_path/Frameworks",
				);
				PRODUCT_BUNDLE_IDENTIFIER = "Centennial-College.AssignmentOneUITests";
				PRODUCT_NAME = "$(TARGET_NAME)";
				SWIFT_VERSION = 4.2;
				TARGETED_DEVICE_FAMILY = "1,2";
				TEST_TARGET_NAME = AssignmentOne;
			};
			name = Debug;
		};
		3A4E46C021F91F58001E87C3 /* Release */ = {
			isa = XCBuildConfiguration;
			buildSettings = {
				ALWAYS_EMBED_SWIFT_STANDARD_LIBRARIES = YES;
				CODE_SIGN_STYLE = Automatic;
				DEVELOPMENT_TEAM = 2BULHRS882;
				INFOPLIST_FILE = AssignmentOneUITests/Info.plist;
				LD_RUNPATH_SEARCH_PATHS = (
					"$(inherited)",
					"@executable_path/Frameworks",
					"@loader_path/Frameworks",
				);
				PRODUCT_BUNDLE_IDENTIFIER = "Centennial-College.AssignmentOneUITests";
				PRODUCT_NAME = "$(TARGET_NAME)";
				SWIFT_VERSION = 4.2;
				TARGETED_DEVICE_FAMILY = "1,2";
				TEST_TARGET_NAME = AssignmentOne;
			};
			name = Release;
		};
/* End XCBuildConfiguration section */

/* Begin XCConfigurationList section */
		3A4E468B21F91F54001E87C3 /* Build configuration list for PBXProject "AssignmentOne" */ = {
			isa = XCConfigurationList;
			buildConfigurations = (
				3A4E46B621F91F58001E87C3 /* Debug */,
				3A4E46B721F91F58001E87C3 /* Release */,
			);
			defaultConfigurationIsVisible = 0;
			defaultConfigurationName = Release;
		};
		3A4E46B821F91F58001E87C3 /* Build configuration list for PBXNativeTarget "AssignmentOne" */ = {
			isa = XCConfigurationList;
			buildConfigurations = (
				3A4E46B921F91F58001E87C3 /* Debug */,
				3A4E46BA21F91F58001E87C3 /* Release */,
			);
			defaultConfigurationIsVisible = 0;
			defaultConfigurationName = Release;
		};
		3A4E46BB21F91F58001E87C3 /* Build configuration list for PBXNativeTarget "AssignmentOneTests" */ = {
			isa = XCConfigurationList;
			buildConfigurations = (
				3A4E46BC21F91F58001E87C3 /* Debug */,
				3A4E46BD21F91F58001E87C3 /* Release */,
			);
			defaultConfigurationIsVisible = 0;
			defaultConfigurationName = Release;
		};
		3A4E46BE21F91F58001E87C3 /* Build configuration list for PBXNativeTarget "AssignmentOneUITests" */ = {
			isa = XCConfigurationList;
			buildConfigurations = (
				3A4E46BF21F91F58001E87C3 /* Debug */,
				3A4E46C021F91F58001E87C3 /* Release */,
			);
			defaultConfigurationIsVisible = 0;
			defaultConfigurationName = Release;
		};
/* End XCConfigurationList section */
	};
	rootObject = 3A4E468821F91F54001E87C3 /* Project object */;
}
